
Microsoft Visual Studio Solution File, Format Version 12.00
# Visual Studio Version 17
VisualStudioVersion = 17.7.34031.279
MinimumVisualStudioVersion = 10.0.40219.1
Project("{FAE04EC0-301F-11D3-BF4B-00C04F79EFBC}") = "ReadExcelFiles", "ReadExcelFiles\ReadExcelFiles.csproj", "{528BCCC9-E6F1-4279-BECC-9C79B5880049}"
EndProject
Global
	GlobalSection(SolutionConfigurationPlatforms) = preSolution
		Debug|Any CPU = Debug|Any CPU
		Release|Any CPU = Release|Any CPU
	EndGlobalSection
	GlobalSection(ProjectConfigurationPlatforms) = postSolution
		{528BCCC9-E6F1-4279-BECC-9C79B5880049}.Debug|Any CPU.ActiveCfg = Debug|Any CPU
		{528BCCC9-E6F1-4279-BECC-9C79B5880049}.Debug|Any CPU.Build.0 = Debug|Any CPU
		{528BCCC9-E6F1-4279-BECC-9C79B5880049}.Release|Any CPU.ActiveCfg = Release|Any CPU
		{528BCCC9-E6F1-4279-BECC-9C79B5880049}.Release|Any CPU.Build.0 = Release|Any CPU
	EndGlobalSection
	GlobalSection(SolutionProperties) = preSolution
		HideSolutionNode = FALSE
	EndGlobalSection
	GlobalSection(ExtensibilityGlobals) = postSolution
		SolutionGuid = {AD982BB9-A55F-44C6-9779-6496DD68CFBA}
	EndGlobalSection
EndGlobal
